{
  "name": "tspect",
  "version": "1.0.0",
  "lockfileVersion": 1,
  "requires": true,
  "dependencies": {
    "nan": {
      "version": "2.7.0",
      "resolved": "https://registry.npmjs.org/nan/-/nan-2.7.0.tgz",
      "integrity": "sha1-2Vv3IeyHfgjbJ27T/G63j5CDrUY="
    },
    "node-pty": {
      "version": "0.7.0",
      "resolved": "https://registry.npmjs.org/node-pty/-/node-pty-0.7.0.tgz",
      "integrity": "sha1-mTA4aS06KSGBGhUmWPx9whEyOsI=",
      "requires": {
        "nan": "2.7.0"
      }
    }
  }
}
